Microsoft Visual Studio Solution File, Format Version 12.00
# Visual Studio 2013
VisualStudioVersion = 12.0.31101.0
MinimumVisualStudioVersion = 12.0.0.0
Project("{8BC9CEB8-8B4A-11D0-8D11-00A0C91BC942}") = "LazerMaze", "LazerMaze-vs.vcxproj", "{45F3FEB2-9184-0C15-5E06-5FBE57A6DB94}"
EndProject
Project("{8BC9CEB8-8B4A-11D0-8D11-00A0C91BC942}") = "ZillaLib", "..\ZillaLib\ZillaLib-vs.vcxproj", "{2177A217-7A21-77A2-177A-2177A2177777}"
EndProject
Global
	GlobalSection(SolutionConfigurationPlatforms) = preSolution
		Debug|Win32 = Debug|Win32
		Debug|x64 = Debug|x64
		Emscripten-Debug|Win32 = Emscripten-Debug|Win32
		Emscripten-Debug|x64 = Emscripten-Debug|x64
		Emscripten-Release|Win32 = Emscripten-Release|Win32
		Emscripten-Release|x64 = Emscripten-Release|x64
		Release|Win32 = Release|Win32
		Release|x64 = Release|x64
		ReleaseWithPDB|Win32 = ReleaseWithPDB|Win32
		ReleaseWithPDB|x64 = ReleaseWithPDB|x64
	EndGlobalSection
	GlobalSection(ProjectConfigurationPlatforms) = postSolution
		{45F3FEB2-9184-0C15-5E06-5FBE57A6DB94}.Debug|Win32.ActiveCfg = Debug|Win32
		{45F3FEB2-9184-0C15-5E06-5FBE57A6DB94}.Debug|Win32.Build.0 = Debug|Win32
		{45F3FEB2-9184-0C15-5E06-5FBE57A6DB94}.Debug|x64.ActiveCfg = Debug|x64
		{45F3FEB2-9184-0C15-5E06-5FBE57A6DB94}.Debug|x64.Build.0 = Debug|x64
		{45F3FEB2-9184-0C15-5E06-5FBE57A6DB94}.Emscripten-Debug|Win32.ActiveCfg = Emscripten-Debug|Win32
		{45F3FEB2-9184-0C15-5E06-5FBE57A6DB94}.Emscripten-Debug|Win32.Build.0 = Emscripten-Debug|Win32
		{45F3FEB2-9184-0C15-5E06-5FBE57A6DB94}.Emscripten-Debug|x64.ActiveCfg = Emscripten-Debug|Win32
		{45F3FEB2-9184-0C15-5E06-5FBE57A6DB94}.Emscripten-Debug|x64.Build.0 = Emscripten-Debug|Win32
		{45F3FEB2-9184-0C15-5E06-5FBE57A6DB94}.Emscripten-Release|Win32.ActiveCfg = Emscripten-Release|Win32
		{45F3FEB2-9184-0C15-5E06-5FBE57A6DB94}.Emscripten-Release|Win32.Build.0 = Emscripten-Release|Win32
		{45F3FEB2-9184-0C15-5E06-5FBE57A6DB94}.Emscripten-Release|x64.ActiveCfg = Emscripten-Release|Win32
		{45F3FEB2-9184-0C15-5E06-5FBE57A6DB94}.Emscripten-Release|x64.Build.0 = Emscripten-Release|Win32
		{45F3FEB2-9184-0C15-5E06-5FBE57A6DB94}.Release|Win32.ActiveCfg = Release|Win32
		{45F3FEB2-9184-0C15-5E06-5FBE57A6DB94}.Release|Win32.Build.0 = Release|Win32
		{45F3FEB2-9184-0C15-5E06-5FBE57A6DB94}.Release|x64.ActiveCfg = Release|x64
		{45F3FEB2-9184-0C15-5E06-5FBE57A6DB94}.Release|x64.Build.0 = Release|x64
		{45F3FEB2-9184-0C15-5E06-5FBE57A6DB94}.ReleaseWithPDB|Win32.ActiveCfg = ReleaseWithPDB|Win32
		{45F3FEB2-9184-0C15-5E06-5FBE57A6DB94}.ReleaseWithPDB|Win32.Build.0 = ReleaseWithPDB|Win32
		{45F3FEB2-9184-0C15-5E06-5FBE57A6DB94}.ReleaseWithPDB|x64.ActiveCfg = ReleaseWithPDB|x64
		{45F3FEB2-9184-0C15-5E06-5FBE57A6DB94}.ReleaseWithPDB|x64.Build.0 = ReleaseWithPDB|x64
		{2177A217-7A21-77A2-177A-2177A2177777}.Debug|Win32.ActiveCfg = Debug|Win32
		{2177A217-7A21-77A2-177A-2177A2177777}.Debug|Win32.Build.0 = Debug|Win32
		{2177A217-7A21-77A2-177A-2177A2177777}.Debug|x64.ActiveCfg = Debug|x64
		{2177A217-7A21-77A2-177A-2177A2177777}.Debug|x64.Build.0 = Debug|x64
		{2177A217-7A21-77A2-177A-2177A2177777}.Emscripten-Debug|Win32.ActiveCfg = Emscripten-Debug|Win32
		{2177A217-7A21-77A2-177A-2177A2177777}.Emscripten-Debug|Win32.Build.0 = Emscripten-Debug|Win32
		{2177A217-7A21-77A2-177A-2177A2177777}.Emscripten-Debug|x64.ActiveCfg = Emscripten-Debug|Win32
		{2177A217-7A21-77A2-177A-2177A2177777}.Emscripten-Debug|x64.Build.0 = Emscripten-Debug|Win32
		{2177A217-7A21-77A2-177A-2177A2177777}.Emscripten-Release|Win32.ActiveCfg = Emscripten-Release|Win32
		{2177A217-7A21-77A2-177A-2177A2177777}.Emscripten-Release|Win32.Build.0 = Emscripten-Release|Win32
		{2177A217-7A21-77A2-177A-2177A2177777}.Emscripten-Release|x64.ActiveCfg = Emscripten-Release|Win32
		{2177A217-7A21-77A2-177A-2177A2177777}.Emscripten-Release|x64.Build.0 = Emscripten-Release|Win32
		{2177A217-7A21-77A2-177A-2177A2177777}.Release|Win32.ActiveCfg = Release|Win32
		{2177A217-7A21-77A2-177A-2177A2177777}.Release|Win32.Build.0 = Release|Win32
		{2177A217-7A21-77A2-177A-2177A2177777}.Release|x64.ActiveCfg = Release|x64
		{2177A217-7A21-77A2-177A-2177A2177777}.Release|x64.Build.0 = Release|x64
		{2177A217-7A21-77A2-177A-2177A2177777}.ReleaseWithPDB|Win32.ActiveCfg = Release|Win32
		{2177A217-7A21-77A2-177A-2177A2177777}.ReleaseWithPDB|Win32.Build.0 = Release|Win32
		{2177A217-7A21-77A2-177A-2177A2177777}.ReleaseWithPDB|x64.ActiveCfg = Release|x64
		{2177A217-7A21-77A2-177A-2177A2177777}.ReleaseWithPDB|x64.Build.0 = Release|x64
	EndGlobalSection
	GlobalSection(SolutionProperties) = preSolution
		HideSolutionNode = FALSE
	EndGlobalSection
EndGlobal
